// !$*UTF8*$!
{
	archiveVersion = 1;
	classes = {
	};
	objectVersion = 50;
	objects = {

/* Begin PBXBuildFile section */
		5ACFFE1E25120CB100DE5226 /* Singlton.swift in Sources */ = {isa = PBXBuildFile; fileRef = 5ACFFE0325120CB100DE5226 /* Singlton.swift */; };
		5ACFFE1F25120CB100DE5226 /* FlagTableCell.swift in Sources */ = {isa = PBXBuildFile; fileRef = 5ACFFE0525120CB100DE5226 /* FlagTableCell.swift */; };
		5ACFFE2025120CB100DE5226 /* TableViewCell.swift in Sources */ = {isa = PBXBuildFile; fileRef = 5ACFFE0625120CB100DE5226 /* TableViewCell.swift */; };
		5ACFFE2125120CB100DE5226 /* GamesTableviewCellTableViewCell.swift in Sources */ = {isa = PBXBuildFile; fileRef = 5ACFFE0725120CB100DE5226 /* GamesTableviewCellTableViewCell.swift */; };
		5ACFFE2225120CB100DE5226 /* FlagViewController.swift in Sources */ = {isa = PBXBuildFile; fileRef = 5ACFFE0925120CB100DE5226 /* FlagViewController.swift */; };
		5ACFFE2325120CB100DE5226 /* SummaryViewController.swift in Sources */ = {isa = PBXBuildFile; fileRef = 5ACFFE0A25120CB100DE5226 /* SummaryViewController.swift */; };
		5ACFFE2425120CB100DE5226 /* FirstViewController.swift in Sources */ = {isa = PBXBuildFile; fileRef = 5ACFFE0B25120CB100DE5226 /* FirstViewController.swift */; };
		5ACFFE2525120CB100DE5226 /* ShowGamesViewController.swift in Sources */ = {isa = PBXBuildFile; fileRef = 5ACFFE0C25120CB100DE5226 /* ShowGamesViewController.swift */; };
		5ACFFE2625120CB100DE5226 /* SecondViewController.swift in Sources */ = {isa = PBXBuildFile; fileRef = 5ACFFE0D25120CB100DE5226 /* SecondViewController.swift */; };
		5ACFFE2725120CB100DE5226 /* Extensions+UIViewController.swift in Sources */ = {isa = PBXBuildFile; fileRef = 5ACFFE0E25120CB100DE5226 /* Extensions+UIViewController.swift */; };
		5ACFFE2825120CB100DE5226 /* Person+CoreDataClass.swift in Sources */ = {isa = PBXBuildFile; fileRef = 5ACFFE1025120CB100DE5226 /* Person+CoreDataClass.swift */; };
		5ACFFE2925120CB100DE5226 /* Person+CoreDataProperties.swift in Sources */ = {isa = PBXBuildFile; fileRef = 5ACFFE1125120CB100DE5226 /* Person+CoreDataProperties.swift */; };
		5ACFFE2A25120CB100DE5226 /* ModelData.swift in Sources */ = {isa = PBXBuildFile; fileRef = 5ACFFE1225120CB100DE5226 /* ModelData.swift */; };
		5ACFFE2B25120CB100DE5226 /* Assets.xcassets in Resources */ = {isa = PBXBuildFile; fileRef = 5ACFFE1425120CB100DE5226 /* Assets.xcassets */; };
		5ACFFE2C25120CB100DE5226 /* LaunchScreen.storyboard in Resources */ = {isa = PBXBuildFile; fileRef = 5ACFFE1525120CB100DE5226 /* LaunchScreen.storyboard */; };
		5ACFFE2D25120CB100DE5226 /* Main.storyboard in Resources */ = {isa = PBXBuildFile; fileRef = 5ACFFE1725120CB100DE5226 /* Main.storyboard */; };
		5ACFFE2E25120CB100DE5226 /* AppDelegate.swift in Sources */ = {isa = PBXBuildFile; fileRef = 5ACFFE1925120CB100DE5226 /* AppDelegate.swift */; };
		5ACFFE2F25120CB100DE5226 /* Trivia.xcdatamodeld in Sources */ = {isa = PBXBuildFile; fileRef = 5ACFFE1A25120CB100DE5226 /* Trivia.xcdatamodeld */; };
		5ACFFE3125120CB100DE5226 /* SceneDelegate.swift in Sources */ = {isa = PBXBuildFile; fileRef = 5ACFFE1D25120CB100DE5226 /* SceneDelegate.swift */; };
/* End PBXBuildFile section */

/* Begin PBXFileReference section */
		5ACFFDE825120C9100DE5226 /* TriviaApp.app */ = {isa = PBXFileReference; explicitFileType = wrapper.application; includeInIndex = 0; path = TriviaApp.app; sourceTree = BUILT_PRODUCTS_DIR; };
		5ACFFDFC25120C9700DE5226 /* Info.plist */ = {isa = PBXFileReference; lastKnownFileType = text.plist.xml; path = Info.plist; sourceTree = "<group>"; };
		5ACFFE0325120CB100DE5226 /* Singlton.swift */ = {isa = PBXFileReference; fileEncoding = 4; lastKnownFileType = sourcecode.swift; path = Singlton.swift; sourceTree = "<group>"; };
		5ACFFE0525120CB100DE5226 /* FlagTableCell.swift */ = {isa = PBXFileReference; fileEncoding = 4; lastKnownFileType = sourcecode.swift; path = FlagTableCell.swift; sourceTree = "<group>"; };
		5ACFFE0625120CB100DE5226 /* TableViewCell.swift */ = {isa = PBXFileReference; fileEncoding = 4; lastKnownFileType = sourcecode.swift; path = TableViewCell.swift; sourceTree = "<group>"; };
		5ACFFE0725120CB100DE5226 /* GamesTableviewCellTableViewCell.swift */ = {isa = PBXFileReference; fileEncoding = 4; lastKnownFileType = sourcecode.swift; path = GamesTableviewCellTableViewCell.swift; sourceTree = "<group>"; };
		5ACFFE0925120CB100DE5226 /* FlagViewController.swift */ = {isa = PBXFileReference; fileEncoding = 4; lastKnownFileType = sourcecode.swift; path = FlagViewController.swift; sourceTree = "<group>"; };
		5ACFFE0A25120CB100DE5226 /* SummaryViewController.swift */ = {isa = PBXFileReference; fileEncoding = 4; lastKnownFileType = sourcecode.swift; path = SummaryViewController.swift; sourceTree = "<group>"; };
		5ACFFE0B25120CB100DE5226 /* FirstViewController.swift */ = {isa = PBXFileReference; fileEncoding = 4; lastKnownFileType = sourcecode.swift; path = FirstViewController.swift; sourceTree = "<group>"; };
		5ACFFE0C25120CB100DE5226 /* ShowGamesViewController.swift */ = {isa = PBXFileReference; fileEncoding = 4; lastKnownFileType = sourcecode.swift; path = ShowGamesViewController.swift; sourceTree = "<group>"; };
		5ACFFE0D25120CB100DE5226 /* SecondViewController.swift */ = {isa = PBXFileReference; fileEncoding = 4; lastKnownFileType = sourcecode.swift; path = SecondViewController.swift; sourceTree = "<group>"; };
		5ACFFE0E25120CB100DE5226 /* Extensions+UIViewController.swift */ = {isa = PBXFileReference; fileEncoding = 4; lastKnownFileType = sourcecode.swift; path = "Extensions+UIViewController.swift"; sourceTree = "<group>"; };
		5ACFFE1025120CB100DE5226 /* Person+CoreDataClass.swift */ = {isa = PBXFileReference; fileEncoding = 4; lastKnownFileType = sourcecode.swift; path = "Person+CoreDataClass.swift"; sourceTree = "<group>"; };
		5ACFFE1125120CB100DE5226 /* Person+CoreDataProperties.swift */ = {isa = PBXFileReference; fileEncoding = 4; lastKnownFileType = sourcecode.swift; path = "Person+CoreDataProperties.swift"; sourceTree = "<group>"; };
		5ACFFE1225120CB100DE5226 /* ModelData.swift */ = {isa = PBXFileReference; fileEncoding = 4; lastKnownFileType = sourcecode.swift; path = ModelData.swift; sourceTree = "<group>"; };
		5ACFFE1425120CB100DE5226 /* Assets.xcassets */ = {isa = PBXFileReference; lastKnownFileType = folder.assetcatalog; path = Assets.xcassets; sourceTree = "<group>"; };
		5ACFFE1625120CB100DE5226 /* Base */ = {isa = PBXFileReference; lastKnownFileType = file.storyboard; name = Base; path = Base.lproj/LaunchScreen.storyboard; sourceTree = "<group>"; };
		5ACFFE1825120CB100DE5226 /* Base */ = {isa = PBXFileReference; lastKnownFileType = file.storyboard; name = Base; path = Base.lproj/Main.storyboard; sourceTree = "<group>"; };
		5ACFFE1925120CB100DE5226 /* AppDelegate.swift */ = {isa = PBXFileReference; fileEncoding = 4; lastKnownFileType = sourcecode.swift; name = AppDelegate.swift; path = Trivia/AppDelegate.swift; sourceTree = "<group>"; };
		5ACFFE1B25120CB100DE5226 /* Trivia.xcdatamodel */ = {isa = PBXFileReference; lastKnownFileType = wrapper.xcdatamodel; path = Trivia.xcdatamodel; sourceTree = "<group>"; };
		5ACFFE1D25120CB100DE5226 /* SceneDelegate.swift */ = {isa = PBXFileReference; fileEncoding = 4; lastKnownFileType = sourcecode.swift; name = SceneDelegate.swift; path = Trivia/SceneDelegate.swift; sourceTree = "<group>"; };
/* End PBXFileReference section */

/* Begin PBXFrameworksBuildPhase section */
		5ACFFDE525120C9100DE5226 /* Frameworks */ = {
			isa = PBXFrameworksBuildPhase;
			buildActionMask = 2147483647;
			files = (
			);
			runOnlyForDeploymentPostprocessing = 0;
		};
/* End PBXFrameworksBuildPhase section */

/* Begin PBXGroup section */
		5ACFFDDF25120C9100DE5226 = {
			isa = PBXGroup;
			children = (
				5ACFFDEA25120C9100DE5226 /* TriviaApp */,
				5ACFFDE925120C9100DE5226 /* Products */,
			);
			sourceTree = "<group>";
		};
		5ACFFDE925120C9100DE5226 /* Products */ = {
			isa = PBXGroup;
			children = (
				5ACFFDE825120C9100DE5226 /* TriviaApp.app */,
			);
			name = Products;
			sourceTree = "<group>";
		};
		5ACFFDEA25120C9100DE5226 /* TriviaApp */ = {
			isa = PBXGroup;
			children = (
				5ACFFE0325120CB100DE5226 /* Singlton.swift */,
				5ACFFE0425120CB100DE5226 /* TableViewData */,
				5ACFFE0825120CB100DE5226 /* ViewControllers */,
				5ACFFE0E25120CB100DE5226 /* Extensions+UIViewController.swift */,
				5ACFFE0F25120CB100DE5226 /* Model */,
				5ACFFE1325120CB100DE5226 /* View */,
				5ACFFE1925120CB100DE5226 /* AppDelegate.swift */,
				5ACFFE1A25120CB100DE5226 /* Trivia.xcdatamodeld */,
				5ACFFE1D25120CB100DE5226 /* SceneDelegate.swift */,
				5ACFFDFC25120C9700DE5226 /* Info.plist */,
			);
			path = TriviaApp;
			sourceTree = "<group>";
		};
		5ACFFE0425120CB100DE5226 /* TableViewData */ = {
			isa = PBXGroup;
			children = (
				5ACFFE0525120CB100DE5226 /* FlagTableCell.swift */,
				5ACFFE0625120CB100DE5226 /* TableViewCell.swift */,
				5ACFFE0725120CB100DE5226 /* GamesTableviewCellTableViewCell.swift */,
			);
			path = TableViewData;
			sourceTree = "<group>";
		};
		5ACFFE0825120CB100DE5226 /* ViewControllers */ = {
			isa = PBXGroup;
			children = (
				5ACFFE0925120CB100DE5226 /* FlagViewController.swift */,
				5ACFFE0A25120CB100DE5226 /* SummaryViewController.swift */,
				5ACFFE0B25120CB100DE5226 /* FirstViewController.swift */,
				5ACFFE0C25120CB100DE5226 /* ShowGamesViewController.swift */,
				5ACFFE0D25120CB100DE5226 /* SecondViewController.swift */,
			);
			path = ViewControllers;
			sourceTree = "<group>";
		};
		5ACFFE0F25120CB100DE5226 /* Model */ = {
			isa = PBXGroup;
			children = (
				5ACFFE1025120CB100DE5226 /* Person+CoreDataClass.swift */,
				5ACFFE1125120CB100DE5226 /* Person+CoreDataProperties.swift */,
				5ACFFE1225120CB100DE5226 /* ModelData.swift */,
			);
			path = Model;
			sourceTree = "<group>";
		};
		5ACFFE1325120CB100DE5226 /* View */ = {
			isa = PBXGroup;
			children = (
				5ACFFE1425120CB100DE5226 /* Assets.xcassets */,
				5ACFFE1525120CB100DE5226 /* LaunchScreen.storyboard */,
				5ACFFE1725120CB100DE5226 /* Main.storyboard */,
			);
			path = View;
			sourceTree = "<group>";
		};
/* End PBXGroup section */

/* Begin PBXNativeTarget section */
		5ACFFDE725120C9100DE5226 /* TriviaApp */ = {
			isa = PBXNativeTarget;
			buildConfigurationList = 5ACFFDFF25120C9700DE5226 /* Build configuration list for PBXNativeTarget "TriviaApp" */;
			buildPhases = (
				5ACFFDE425120C9100DE5226 /* Sources */,
				5ACFFDE525120C9100DE5226 /* Frameworks */,
				5ACFFDE625120C9100DE5226 /* Resources */,
			);
			buildRules = (
			);
			dependencies = (
			);
			name = TriviaApp;
			productName = TriviaApp;
			productReference = 5ACFFDE825120C9100DE5226 /* TriviaApp.app */;
			productType = "com.apple.product-type.application";
		};
/* End PBXNativeTarget section */

/* Begin PBXProject section */
		5ACFFDE025120C9100DE5226 /* Project object */ = {
			isa = PBXProject;
			attributes = {
				LastSwiftUpdateCheck = 1160;
				LastUpgradeCheck = 1160;
				ORGANIZATIONNAME = "Rudresh Uppin";
				TargetAttributes = {
					5ACFFDE725120C9100DE5226 = {
						CreatedOnToolsVersion = 11.6;
					};
				};
			};
			buildConfigurationList = 5ACFFDE325120C9100DE5226 /* Build configuration list for PBXProject "TriviaApp" */;
			compatibilityVersion = "Xcode 9.3";
			developmentRegion = en;
			hasScannedForEncodings = 0;
			knownRegions = (
				en,
				Base,
			);
			mainGroup = 5ACFFDDF25120C9100DE5226;
			productRefGroup = 5ACFFDE925120C9100DE5226 /* Products */;
			projectDirPath = "";
			projectRoot = "";
			targets = (
				5ACFFDE725120C9100DE5226 /* TriviaApp */,
			);
		};
/* End PBXProject section */

/* Begin PBXResourcesBuildPhase section */
		5ACFFDE625120C9100DE5226 /* Resources */ = {
			isa = PBXResourcesBuildPhase;
			buildActionMask = 2147483647;
			files = (
				5ACFFE2B25120CB100DE5226 /* Assets.xcassets in Resources */,
				5ACFFE2D25120CB100DE5226 /* Main.storyboard in Resources */,
				5ACFFE2C25120CB100DE5226 /* LaunchScreen.storyboard in Resources */,
			);
			runOnlyForDeploymentPostprocessing = 0;
		};
/* End PBXResourcesBuildPhase section */

/* Begin PBXSourcesBuildPhase section */
		5ACFFDE425120C9100DE5226 /* Sources */ = {
			isa = PBXSourcesBuildPhase;
			buildActionMask = 2147483647;
			files = (
				5ACFFE2A25120CB100DE5226 /* ModelData.swift in Sources */,
				5ACFFE2825120CB100DE5226 /* Person+CoreDataClass.swift in Sources */,
				5ACFFE1F25120CB100DE5226 /* FlagTableCell.swift in Sources */,
				5ACFFE2125120CB100DE5226 /* GamesTableviewCellTableViewCell.swift in Sources */,
				5ACFFE2225120CB100DE5226 /* FlagViewController.swift in Sources */,
				5ACFFE2525120CB100DE5226 /* ShowGamesViewController.swift in Sources */,
				5ACFFE2625120CB100DE5226 /* SecondViewController.swift in Sources */,
				5ACFFE2F25120CB100DE5226 /* Trivia.xcdatamodeld in Sources */,
				5ACFFE1E25120CB100DE5226 /* Singlton.swift in Sources */,
				5ACFFE2025120CB100DE5226 /* TableViewCell.swift in Sources */,
				5ACFFE2E25120CB100DE5226 /* AppDelegate.swift in Sources */,
				5ACFFE3125120CB100DE5226 /* SceneDelegate.swift in Sources */,
				5ACFFE2925120CB100DE5226 /* Person+CoreDataProperties.swift in Sources */,
				5ACFFE2325120CB100DE5226 /* SummaryViewController.swift in Sources */,
				5ACFFE2725120CB100DE5226 /* Extensions+UIViewController.swift in Sources */,
				5ACFFE2425120CB100DE5226 /* FirstViewController.swift in Sources */,
			);
			runOnlyForDeploymentPostprocessing = 0;
		};
/* End PBXSourcesBuildPhase section */

/* Begin PBXVariantGroup section */
		5ACFFE1525120CB100DE5226 /* LaunchScreen.storyboard */ = {
			isa = PBXVariantGroup;
			children = (
				5ACFFE1625120CB100DE5226 /* Base */,
			);
			name = LaunchScreen.storyboard;
			sourceTree = "<group>";
		};
		5ACFFE1725120CB100DE5226 /* Main.storyboard */ = {
			isa = PBXVariantGroup;
			children = (
				5ACFFE1825120CB100DE5226 /* Base */,
			);
			name = Main.storyboard;
			sourceTree = "<group>";
		};
/* End PBXVariantGroup section */

/* Begin XCBuildConfiguration section */
		5ACFFDFD25120C9700DE5226 /* Debug */ = {
			isa = XCBuildConfiguration;
			buildSettings = {
				ALWAYS_SEARCH_USER_PATHS = NO;
				CLANG_ANALYZER_NONNULL = YES;
				CLANG_ANALYZER_NUMBER_OBJECT_CONVERSION = YES_AGGRESSIVE;
				CLANG_CXX_LANGUAGE_STANDARD = "gnu++14";
				CLANG_CXX_LIBRARY = "libc++";
				CLANG_ENABLE_MODULES = YES;
				CLANG_ENABLE_OBJC_ARC = YES;
				CLANG_ENABLE_OBJC_WEAK = YES;
				CLANG_WARN_BLOCK_CAPTURE_AUTORELEASING = YES;
				CLANG_WARN_BOOL_CONVERSION = YES;
				CLANG_WARN_COMMA = YES;
				CLANG_WARN_CONSTANT_CONVERSION = YES;
				CLANG_WARN_DEPRECATED_OBJC_IMPLEMENTATIONS = YES;
				CLANG_WARN_DIRECT_OBJC_ISA_USAGE = YES_ERROR;
				CLANG_WARN_DOCUMENTATION_COMMENTS = YES;
				CLANG_WARN_EMPTY_BODY = YES;
				CLANG_WARN_ENUM_CONVERSION = YES;
				CLANG_WARN_INFINITE_RECURSION = YES;
				CLANG_WARN_INT_CONVERSION = YES;
				CLANG_WARN_NON_LITERAL_NULL_CONVERSION = YES;
				CLANG_WARN_OBJC_IMPLICIT_RETAIN_SELF = YES;
				CLANG_WARN_OBJC_LITERAL_CONVERSION = YES;
				CLANG_WARN_OBJC_ROOT_CLASS = YES_ERROR;
				CLANG_WARN_RANGE_LOOP_ANALYSIS = YES;
				CLANG_WARN_STRICT_PROTOTYPES = YES;
				CLANG_WARN_SUSPICIOUS_MOVE = YES;
				CLANG_WARN_UNGUARDED_AVAILABILITY = YES_AGGRESSIVE;
				CLANG_WARN_UNREACHABLE_CODE = YES;
				CLANG_WARN__DUPLICATE_METHOD_MATCH = YES;
				COPY_PHASE_STRIP = NO;
				DEBUG_INFORMATION_FORMAT = dwarf;
				ENABLE_STRICT_OBJC_MSGSEND = YES;
				ENABLE_TESTABILITY = YES;
				GCC_C_LANGUAGE_STANDARD = gnu11;
				GCC_DYNAMIC_NO_PIC = NO;
				GCC_NO_COMMON_BLOCKS = YES;
				GCC_OPTIMIZATION_LEVEL = 0;
				GCC_PREPROCESSOR_DEFINITIONS = (
					"DEBUG=1",
					"$(inherited)",
				);
				GCC_WARN_64_TO_32_BIT_CONVERSION = YES;
				GCC_WARN_ABOUT_RETURN_TYPE = YES_ERROR;
				GCC_WARN_UNDECLARED_SELECTOR = YES;
				GCC_WARN_UNINITIALIZED_AUTOS = YES_AGGRESSIVE;
				GCC_WARN_UNUSED_FUNCTION = YES;
				GCC_WARN_UNUSED_VARIABLE = YES;
				IPHONEOS_DEPLOYMENT_TARGET = 10.3;
				MTL_ENABLE_DEBUG_INFO = INCLUDE_SOURCE;
				MTL_FAST_MATH = YES;
				ONLY_ACTIVE_ARCH = YES;
				SDKROOT = iphoneos;
				SWIFT_ACTIVE_COMPILATION_CONDITIONS = DEBUG;
				SWIFT_OPTIMIZATION_LEVEL = "-Onone";
			};
			name = Debug;
		};
		5ACFFDFE25120C9700DE5226 /* Release */ = {
			isa = XCBuildConfiguration;
			buildSettings = {
				ALWAYS_SEARCH_USER_PATHS = NO;
				CLANG_ANALYZER_NONNULL = YES;
				CLANG_ANALYZER_NUMBER_OBJECT_CONVERSION = YES_AGGRESSIVE;
				CLANG_CXX_LANGUAGE_STANDARD = "gnu++14";
				CLANG_CXX_LIBRARY = "libc++";
				CLANG_ENABLE_MODULES = YES;
				CLANG_ENABLE_OBJC_ARC = YES;
				CLANG_ENABLE_OBJC_WEAK = YES;
				CLANG_WARN_BLOCK_CAPTURE_AUTORELEASING = YES;
				CLANG_WARN_BOOL_CONVERSION = YES;
				CLANG_WARN_COMMA = YES;
				CLANG_WARN_CONSTANT_CONVERSION = YES;
				CLANG_WARN_DEPRECATED_OBJC_IMPLEMENTATIONS = YES;
				CLANG_WARN_DIRECT_OBJC_ISA_USAGE = YES_ERROR;
				CLANG_WARN_DOCUMENTATION_COMMENTS = YES;
				CLANG_WARN_EMPTY_BODY = YES;
				CLANG_WARN_ENUM_CONVERSION = YES;
				CLANG_WARN_INFINITE_RECURSION = YES;
				CLANG_WARN_INT_CONVERSION = YES;
				CLANG_WARN_NON_LITERAL_NULL_CONVERSION = YES;
				CLANG_WARN_OBJC_IMPLICIT_RETAIN_SELF = YES;
				CLANG_WARN_OBJC_LITERAL_CONVERSION = YES;
				CLANG_WARN_OBJC_ROOT_CLASS = YES_ERROR;
				CLANG_WARN_RANGE_LOOP_ANALYSIS = YES;
				CLANG_WARN_STRICT_PROTOTYPES = YES;
				CLANG_WARN_SUSPICIOUS_MOVE = YES;
				CLANG_WARN_UNGUARDED_AVAILABILITY = YES_AGGRESSIVE;
				CLANG_WARN_UNREACHABLE_CODE = YES;
				CLANG_WARN__DUPLICATE_METHOD_MATCH = YES;
				COPY_PHASE_STRIP = NO;
				DEBUG_INFORMATION_FORMAT = "dwarf-with-dsym";
				ENABLE_NS_ASSERTIONS = NO;
				ENABLE_STRICT_OBJC_MSGSEND = YES;
				GCC_C_LANGUAGE_STANDARD = gnu11;
				GCC_NO_COMMON_BLOCKS = YES;
				GCC_WARN_64_TO_32_BIT_CONVERSION = YES;
				GCC_WARN_ABOUT_RETURN_TYPE = YES_ERROR;
				GCC_WARN_UNDECLARED_SELECTOR = YES;
				GCC_WARN_UNINITIALIZED_AUTOS = YES_AGGRESSIVE;
				GCC_WARN_UNUSED_FUNCTION = YES;
				GCC_WARN_UNUSED_VARIABLE = YES;
				IPHONEOS_DEPLOYMENT_TARGET = 10.3;
				MTL_ENABLE_DEBUG_INFO = NO;
				MTL_FAST_MATH = YES;
				SDKROOT = iphoneos;
				SWIFT_COMPILATION_MODE = wholemodule;
				SWIFT_OPTIMIZATION_LEVEL = "-O";
				VALIDATE_PRODUCT = YES;
			};
			name = Release;
		};
		5ACFFE0025120C9700DE5226 /* Debug */ = {
			isa = XCBuildConfiguration;
			buildSettings = {
				ASSETCATALOG_COMPILER_APPICON_NAME = AppIcon;
				CODE_SIGN_STYLE = Automatic;
				DEVELOPMENT_TEAM = R96RLKZ353;
				INFOPLIST_FILE = TriviaApp/Info.plist;
				IPHONEOS_DEPLOYMENT_TARGET = 10.3;
				LD_RUNPATH_SEARCH_PATHS = (
					"$(inherited)",
					"@executable_path/Frameworks",
				);
				PRODUCT_BUNDLE_IDENTIFIER = com.demoapp.Demo.TriviaApp;
				PRODUCT_NAME = "$(TARGET_NAME)";
				SWIFT_VERSION = 5.0;
				TARGETED_DEVICE_FAMILY = "1,2";
			};
			name = Debug;
		};
		5ACFFE0125120C9700DE5226 /* Release */ = {
			isa = XCBuildConfiguration;
			buildSettings = {
				ASSETCATALOG_COMPILER_APPICON_NAME = AppIcon;
				CODE_SIGN_STYLE = Automatic;
				DEVELOPMENT_TEAM = R96RLKZ353;
				INFOPLIST_FILE = TriviaApp/Info.plist;
				IPHONEOS_DEPLOYMENT_TARGET = 10.3;
				LD_RUNPATH_SEARCH_PATHS = (
					"$(inherited)",
					"@executable_path/Frameworks",
				);
				PRODUCT_BUNDLE_IDENTIFIER = com.demoapp.Demo.TriviaApp;
				PRODUCT_NAME = "$(TARGET_NAME)";
				SWIFT_VERSION = 5.0;
				TARGETED_DEVICE_FAMILY = "1,2";
			};
			name = Release;
		};
/* End XCBuildConfiguration section */

/* Begin XCConfigurationList section */
		5ACFFDE325120C9100DE5226 /* Build configuration list for PBXProject "TriviaApp" */ = {
			isa = XCConfigurationList;
			buildConfigurations = (
				5ACFFDFD25120C9700DE5226 /* Debug */,
				5ACFFDFE25120C9700DE5226 /* Release */,
			);
			defaultConfigurationIsVisible = 0;
			defaultConfigurationName = Release;
		};
		5ACFFDFF25120C9700DE5226 /* Build configuration list for PBXNativeTarget "TriviaApp" */ = {
			isa = XCConfigurationList;
			buildConfigurations = (
				5ACFFE0025120C9700DE5226 /* Debug */,
				5ACFFE0125120C9700DE5226 /* Release */,
			);
			defaultConfigurationIsVisible = 0;
			defaultConfigurationName = Release;
		};
/* End XCConfigurationList section */

/* Begin XCVersionGroup section */
		5ACFFE1A25120CB100DE5226 /* Trivia.xcdatamodeld */ = {
			isa = XCVersionGroup;
			children = (
				5ACFFE1B25120CB100DE5226 /* Trivia.xcdatamodel */,
			);
			currentVersion = 5ACFFE1B25120CB100DE5226 /* Trivia.xcdatamodel */;
			path = Trivia.xcdatamodeld;
			sourceTree = "<group>";
			versionGroupType = wrapper.xcdatamodel;
		};
/* End XCVersionGroup section */
	};
	rootObject = 5ACFFDE025120C9100DE5226 /* Project object */;
}
